schema: '2.0'
stages:
  preprocess:
    cmd: python src/preprocess.py
    deps:
    - path: data/0_raw/raw.csv
      hash: md5
      md5: 8760f3ceb71cfb66db1b621028281f20
      size: 75
    - path: src/preprocess.py
      hash: md5
      md5: 5dffaa65ea3b50c0419c61b5feec1f8c
      size: 493
    params:
      params.yaml:
        preprocess.multiplier: 5
    outs:
    - path: data/1_preprocessed/
      hash: md5
      md5: e2b591ea2a96f105e36b358df2d84436.dir
      size: 106
      nfiles: 1
  featurize:
    cmd: python src/featurization.py
    deps:
    - path: data/1_preprocessed
      hash: md5
      md5: e2b591ea2a96f105e36b358df2d84436.dir
      size: 106
      nfiles: 1
    - path: src/featurization.py
      hash: md5
      md5: 3ad0b4ef013b117a311d757ba9b78937
      size: 456
    params:
      params.yaml:
        featurize.volume: 5
    outs:
    - path: data/2_features/
      hash: md5
      md5: fe0a1dfc4d0474555c5f5c7a47dc9932.dir
      size: 133
      nfiles: 1
